
Microsoft Visual Studio Solution File, Format Version 12.00
# Visual Studio 14
VisualStudioVersion = 14.0.25420.1
MinimumVisualStudioVersion = 10.0.40219.1
Project("{FAE04EC0-301F-11D3-BF4B-00C04F79EFBC}") = "Ineffable", "Ineffable\Ineffable.csproj", "{F29C3AA5-1BAA-457C-88FC-14A00D5F4E99}"
EndProject
Project("{FAE04EC0-301F-11D3-BF4B-00C04F79EFBC}") = "BPModel", "BPModel\BPModel.csproj", "{FF9C016D-C9FF-4A1B-A1D5-7C43B0753CA9}"
EndProject
Project("{FAE04EC0-301F-11D3-BF4B-00C04F79EFBC}") = "CrudArtikala", "CrudArtikala\CrudArtikala.csproj", "{724BE790-CDB5-4622-88EC-8712E562FB3C}"
EndProject
Project("{FAE04EC0-301F-11D3-BF4B-00C04F79EFBC}") = "QR_Kod", "QR_Kod\QR_Kod.csproj", "{D1357C2C-8FB4-4E47-8712-1972C39850DD}"
EndProject
Project("{FAE04EC0-301F-11D3-BF4B-00C04F79EFBC}") = "Komunikacija", "Komunikacija\Komunikacija.csproj", "{5F570B77-5545-4661-A139-55FBFF913AF0}"
EndProject
Project("{FAE04EC0-301F-11D3-BF4B-00C04F79EFBC}") = "RezervacijaArtikala", "RezervacijaArtikala\RezervacijaArtikala.csproj", "{3FE131F1-4363-4324-9D8B-4DFE398E56CE}"
EndProject
Project("{FAE04EC0-301F-11D3-BF4B-00C04F79EFBC}") = "CRUDKupaca", "CRUDKupaca\CRUDKupaca.csproj", "{6712085D-BECA-49F2-A465-BFE609A9CE5B}"
EndProject
Project("{FAE04EC0-301F-11D3-BF4B-00C04F79EFBC}") = "CRUDZaposlenik", "CRUDZaposlenik\CRUDZaposlenik.csproj", "{D5BE895B-95CB-4463-9BD7-C77BE23CB1FF}"
EndProject
Project("{FAE04EC0-301F-11D3-BF4B-00C04F79EFBC}") = "Racuni", "Racuni\Racuni.csproj", "{4614114F-35C3-459D-91A9-19A10D191563}"
EndProject
Project("{FAE04EC0-301F-11D3-BF4B-00C04F79EFBC}") = "Servisi", "Servisi\Servisi.csproj", "{5CD068EA-7321-4019-AE48-8D21E171D446}"
EndProject
Project("{FAE04EC0-301F-11D3-BF4B-00C04F79EFBC}") = "PrijavaRegistracija", "PrijavaRegistracija\PrijavaRegistracija.csproj", "{B29D18BB-D599-4B18-832E-2FF2D0E0FE64}"
EndProject
Global
	GlobalSection(SolutionConfigurationPlatforms) = preSolution
		Debug|Any CPU = Debug|Any CPU
		Release|Any CPU = Release|Any CPU
	EndGlobalSection
	GlobalSection(ProjectConfigurationPlatforms) = postSolution
		{F29C3AA5-1BAA-457C-88FC-14A00D5F4E99}.Debug|Any CPU.ActiveCfg = Debug|Any CPU
		{F29C3AA5-1BAA-457C-88FC-14A00D5F4E99}.Debug|Any CPU.Build.0 = Debug|Any CPU
		{F29C3AA5-1BAA-457C-88FC-14A00D5F4E99}.Release|Any CPU.ActiveCfg = Release|Any CPU
		{F29C3AA5-1BAA-457C-88FC-14A00D5F4E99}.Release|Any CPU.Build.0 = Release|Any CPU
		{FF9C016D-C9FF-4A1B-A1D5-7C43B0753CA9}.Debug|Any CPU.ActiveCfg = Debug|Any CPU
		{FF9C016D-C9FF-4A1B-A1D5-7C43B0753CA9}.Debug|Any CPU.Build.0 = Debug|Any CPU
		{FF9C016D-C9FF-4A1B-A1D5-7C43B0753CA9}.Release|Any CPU.ActiveCfg = Release|Any CPU
		{FF9C016D-C9FF-4A1B-A1D5-7C43B0753CA9}.Release|Any CPU.Build.0 = Release|Any CPU
		{724BE790-CDB5-4622-88EC-8712E562FB3C}.Debug|Any CPU.ActiveCfg = Debug|Any CPU
		{724BE790-CDB5-4622-88EC-8712E562FB3C}.Debug|Any CPU.Build.0 = Debug|Any CPU
		{724BE790-CDB5-4622-88EC-8712E562FB3C}.Release|Any CPU.ActiveCfg = Release|Any CPU
		{724BE790-CDB5-4622-88EC-8712E562FB3C}.Release|Any CPU.Build.0 = Release|Any CPU
		{D1357C2C-8FB4-4E47-8712-1972C39850DD}.Debug|Any CPU.ActiveCfg = Debug|Any CPU
		{D1357C2C-8FB4-4E47-8712-1972C39850DD}.Debug|Any CPU.Build.0 = Debug|Any CPU
		{D1357C2C-8FB4-4E47-8712-1972C39850DD}.Release|Any CPU.ActiveCfg = Release|Any CPU
		{D1357C2C-8FB4-4E47-8712-1972C39850DD}.Release|Any CPU.Build.0 = Release|Any CPU
		{5F570B77-5545-4661-A139-55FBFF913AF0}.Debug|Any CPU.ActiveCfg = Debug|Any CPU
		{5F570B77-5545-4661-A139-55FBFF913AF0}.Debug|Any CPU.Build.0 = Debug|Any CPU
		{5F570B77-5545-4661-A139-55FBFF913AF0}.Release|Any CPU.ActiveCfg = Release|Any CPU
		{5F570B77-5545-4661-A139-55FBFF913AF0}.Release|Any CPU.Build.0 = Release|Any CPU
		{3FE131F1-4363-4324-9D8B-4DFE398E56CE}.Debug|Any CPU.ActiveCfg = Debug|Any CPU
		{3FE131F1-4363-4324-9D8B-4DFE398E56CE}.Debug|Any CPU.Build.0 = Debug|Any CPU
		{3FE131F1-4363-4324-9D8B-4DFE398E56CE}.Release|Any CPU.ActiveCfg = Release|Any CPU
		{3FE131F1-4363-4324-9D8B-4DFE398E56CE}.Release|Any CPU.Build.0 = Release|Any CPU
		{6712085D-BECA-49F2-A465-BFE609A9CE5B}.Debug|Any CPU.ActiveCfg = Debug|Any CPU
		{6712085D-BECA-49F2-A465-BFE609A9CE5B}.Debug|Any CPU.Build.0 = Debug|Any CPU
		{6712085D-BECA-49F2-A465-BFE609A9CE5B}.Release|Any CPU.ActiveCfg = Release|Any CPU
		{6712085D-BECA-49F2-A465-BFE609A9CE5B}.Release|Any CPU.Build.0 = Release|Any CPU
		{D5BE895B-95CB-4463-9BD7-C77BE23CB1FF}.Debug|Any CPU.ActiveCfg = Debug|Any CPU
		{D5BE895B-95CB-4463-9BD7-C77BE23CB1FF}.Debug|Any CPU.Build.0 = Debug|Any CPU
		{D5BE895B-95CB-4463-9BD7-C77BE23CB1FF}.Release|Any CPU.ActiveCfg = Release|Any CPU
		{D5BE895B-95CB-4463-9BD7-C77BE23CB1FF}.Release|Any CPU.Build.0 = Release|Any CPU
		{4614114F-35C3-459D-91A9-19A10D191563}.Debug|Any CPU.ActiveCfg = Debug|Any CPU
		{4614114F-35C3-459D-91A9-19A10D191563}.Debug|Any CPU.Build.0 = Debug|Any CPU
		{4614114F-35C3-459D-91A9-19A10D191563}.Release|Any CPU.ActiveCfg = Release|Any CPU
		{4614114F-35C3-459D-91A9-19A10D191563}.Release|Any CPU.Build.0 = Release|Any CPU
		{5CD068EA-7321-4019-AE48-8D21E171D446}.Debug|Any CPU.ActiveCfg = Debug|Any CPU
		{5CD068EA-7321-4019-AE48-8D21E171D446}.Debug|Any CPU.Build.0 = Debug|Any CPU
		{5CD068EA-7321-4019-AE48-8D21E171D446}.Release|Any CPU.ActiveCfg = Release|Any CPU
		{5CD068EA-7321-4019-AE48-8D21E171D446}.Release|Any CPU.Build.0 = Release|Any CPU
		{B29D18BB-D599-4B18-832E-2FF2D0E0FE64}.Debug|Any CPU.ActiveCfg = Debug|Any CPU
		{B29D18BB-D599-4B18-832E-2FF2D0E0FE64}.Debug|Any CPU.Build.0 = Debug|Any CPU
		{B29D18BB-D599-4B18-832E-2FF2D0E0FE64}.Release|Any CPU.ActiveCfg = Release|Any CPU
		{B29D18BB-D599-4B18-832E-2FF2D0E0FE64}.Release|Any CPU.Build.0 = Release|Any CPU
	EndGlobalSection
	GlobalSection(SolutionProperties) = preSolution
		HideSolutionNode = FALSE
	EndGlobalSection
	GlobalSection(ExtensibilityGlobals) = postSolution
		SolutionGuid = {615110E5-DE93-4727-BA33-D1446AEDB1E0}
	EndGlobalSection
EndGlobal
